
Microsoft Visual Studio Solution File, Format Version 12.00
# Visual Studio Version 16
VisualStudioVersion = 16.0.30011.22
MinimumVisualStudioVersion = 10.0.40219.1
Project("{FAE04EC0-301F-11D3-BF4B-00C04F79EFBC}") = "Pedidos", "Pedidos\Pedidos.csproj", "{11474311-09F5-4811-95CB-8F1F81467441}"
EndProject
Global
	GlobalSection(SolutionConfigurationPlatforms) = preSolution
		Debug|Any CPU = Debug|Any CPU
		Release|Any CPU = Release|Any CPU
	EndGlobalSection
	GlobalSection(ProjectConfigurationPlatforms) = postSolution
		{11474311-09F5-4811-95CB-8F1F81467441}.Debug|Any CPU.ActiveCfg = Debug|Any CPU
		{11474311-09F5-4811-95CB-8F1F81467441}.Debug|Any CPU.Build.0 = Debug|Any CPU
		{11474311-09F5-4811-95CB-8F1F81467441}.Release|Any CPU.ActiveCfg = Release|Any CPU
		{11474311-09F5-4811-95CB-8F1F81467441}.Release|Any CPU.Build.0 = Release|Any CPU
	EndGlobalSection
	GlobalSection(SolutionProperties) = preSolution
		HideSolutionNode = FALSE
	EndGlobalSection
	GlobalSection(ExtensibilityGlobals) = postSolution
		SolutionGuid = {F132E278-BC2E-402E-BF4F-1569042946E9}
	EndGlobalSection
EndGlobal
